{
  "name": "futureon-integration-sample",
  "version": "1.0.0",
  "lockfileVersion": 2,
  "requires": true,
  "packages": {
    "": {
      "name": "futureon-integration-sample",
      "version": "1.0.0",
      "devDependencies": {},
      "engines": {
        "node": "~16.15.0"
      }
    }
  }
}
